PODS:
  - YJAutoLayout (1.1.0):
    - YJAutoLayout/Core/UIView (= 1.1.0)
    - YJAutoLayout/Core/UIViewController (= 1.1.0)
  - YJAutoLayout/Core/LayoutAnchor (1.1.0):
    - YJAutoLayout/Extend
  - YJAutoLayout/Core/UIView (1.1.0):
    - YJAutoLayout/Core/LayoutAnchor
  - YJAutoLayout/Core/UIViewController (1.1.0):
    - YJAutoLayout/Core/LayoutAnchor
  - YJAutoLayout/Extend (1.1.0)
  - YJPageView (1.1.0):
    - YJPageView/ImagePage (= 1.1.0)
  - YJPageView/Core (1.1.0):
    - YJAutoLayout
  - YJPageView/ImagePage (1.1.0):
    - YJPageView/Core

DEPENDENCIES:
  - YJPageView (from `https://github.com/937447974/YJPageView.git`, branch `master`)

EXTERNAL SOURCES:
  YJPageView:
    :branch: master
    :git: https://github.com/937447974/YJPageView.git

CHECKOUT OPTIONS:
  YJPageView:
    :commit: 12f383656d7cde5296be3e0a31ff7357ddc2b95c
    :git: https://github.com/937447974/YJPageView.git

SPEC CHECKSUMS:
  YJAutoLayout: ce76d887ba7b94d06da927adc57be562311867a0
  YJPageView: 8b1d332ec86f9af034ac63983331ec39d25a32dd

COCOAPODS: 0.39.0
